// !$*UTF8*$!
{
	archiveVersion = 1;
	classes = {
	};
	objectVersion = 46;
	objects = {

/* Begin PBXBuildFile section */
		2032988E1E5524A000E6B457 /* AppDelegate.swift in Sources */ = {isa = PBXBuildFile; fileRef = 2032988D1E5524A000E6B457 /* AppDelegate.swift */; };
		203298901E5524A000E6B457 /* ViewController.swift in Sources */ = {isa = PBXBuildFile; fileRef = 2032988F1E5524A000E6B457 /* ViewController.swift */; };
		203298931E5524A000E6B457 /* Main.storyboard in Resources */ = {isa = PBXBuildFile; fileRef = 203298911E5524A000E6B457 /* Main.storyboard */; };
		203298951E5524A000E6B457 /* Assets.xcassets in Resources */ = {isa = PBXBuildFile; fileRef = 203298941E5524A000E6B457 /* Assets.xcassets */; };
		203298981E5524A000E6B457 /* LaunchScreen.storyboard in Resources */ = {isa = PBXBuildFile; fileRef = 203298961E5524A000E6B457 /* LaunchScreen.storyboard */; };
/* End PBXBuildFile section */

/* Begin PBXFileReference section */
		2032988A1E5524A000E6B457 /* Save the Kittens.app */ = {isa = PBXFileReference; explicitFileType = wrapper.application; includeInIndex = 0; path = "Save the Kittens.app"; sourceTree = BUILT_PRODUCTS_DIR; };
		2032988D1E5524A000E6B457 /* AppDelegate.swift */ = {isa = PBXFileReference; lastKnownFileType = sourcecode.swift; path = AppDelegate.swift; sourceTree = "<group>"; };
		2032988F1E5524A000E6B457 /* ViewController.swift */ = {isa = PBXFileReference; lastKnownFileType = sourcecode.swift; path = ViewController.swift; sourceTree = "<group>"; };
		203298921E5524A000E6B457 /* Base */ = {isa = PBXFileReference; lastKnownFileType = file.storyboard; name = Base; path = Base.lproj/Main.storyboard; sourceTree = "<group>"; };
		203298941E5524A000E6B457 /* Assets.xcassets */ = {isa = PBXFileReference; lastKnownFileType = folder.assetcatalog; path = Assets.xcassets; sourceTree = "<group>"; };
		203298971E5524A000E6B457 /* Base */ = {isa = PBXFileReference; lastKnownFileType = file.storyboard; name = Base; path = Base.lproj/LaunchScreen.storyboard; sourceTree = "<group>"; };
		203298991E5524A000E6B457 /* Info.plist */ = {isa = PBXFileReference; lastKnownFileType = text.plist.xml; path = Info.plist; sourceTree = "<group>"; };
/* End PBXFileReference section */

/* Begin PBXFrameworksBuildPhase section */
		203298871E5524A000E6B457 /* Frameworks */ = {
			isa = PBXFrameworksBuildPhase;
			buildActionMask = 2147483647;
			files = (
			);
			runOnlyForDeploymentPostprocessing = 0;
		};
/* End PBXFrameworksBuildPhase section */

/* Begin PBXGroup section */
		203298811E5524A000E6B457 = {
			isa = PBXGroup;
			children = (
				2032988C1E5524A000E6B457 /* Save the Kittens */,
				2032988B1E5524A000E6B457 /* Products */,
			);
			sourceTree = "<group>";
		};
		2032988B1E5524A000E6B457 /* Products */ = {
			isa = PBXGroup;
			children = (
				2032988A1E5524A000E6B457 /* Save the Kittens.app */,
			);
			name = Products;
			sourceTree = "<group>";
		};
		2032988C1E5524A000E6B457 /* Save the Kittens */ = {
			isa = PBXGroup;
			children = (
				2032988D1E5524A000E6B457 /* AppDelegate.swift */,
				2032988F1E5524A000E6B457 /* ViewController.swift */,
				203298911E5524A000E6B457 /* Main.storyboard */,
				203298941E5524A000E6B457 /* Assets.xcassets */,
				203298961E5524A000E6B457 /* LaunchScreen.storyboard */,
				203298991E5524A000E6B457 /* Info.plist */,
			);
			path = "Save the Kittens";
			sourceTree = "<group>";
		};
/* End PBXGroup section */

/* Begin PBXNativeTarget section */
		203298891E5524A000E6B457 /* Save the Kittens */ = {
			isa = PBXNativeTarget;
			buildConfigurationList = 2032989C1E5524A000E6B457 /* Build configuration list for PBXNativeTarget "Save the Kittens" */;
			buildPhases = (
				203298861E5524A000E6B457 /* Sources */,
				203298871E5524A000E6B457 /* Frameworks */,
				203298881E5524A000E6B457 /* Resources */,
			);
			buildRules = (
			);
			dependencies = (
			);
			name = "Save the Kittens";
			productName = "Save the Kittens";
			productReference = 2032988A1E5524A000E6B457 /* Save the Kittens.app */;
			productType = "com.apple.product-type.application";
		};
/* End PBXNativeTarget section */

/* Begin PBXProject section */
		203298821E5524A000E6B457 /* Project object */ = {
			isa = PBXProject;
			attributes = {
				LastSwiftUpdateCheck = 0820;
				LastUpgradeCheck = 0820;
				ORGANIZATIONNAME = "Donald Bowsher";
				TargetAttributes = {
					203298891E5524A000E6B457 = {
						CreatedOnToolsVersion = 8.2.1;
						ProvisioningStyle = Automatic;
					};
				};
			};
			buildConfigurationList = 203298851E5524A000E6B457 /* Build configuration list for PBXProject "Save the Kittens" */;
			compatibilityVersion = "Xcode 3.2";
			developmentRegion = English;
			hasScannedForEncodings = 0;
			knownRegions = (
				en,
				Base,
			);
			mainGroup = 203298811E5524A000E6B457;
			productRefGroup = 2032988B1E5524A000E6B457 /* Products */;
			projectDirPath = "";
			projectRoot = "";
			targets = (
				203298891E5524A000E6B457 /* Save the Kittens */,
			);
		};
/* End PBXProject section */

/* Begin PBXResourcesBuildPhase section */
		203298881E5524A000E6B457 /* Resources */ = {
			isa = PBXResourcesBuildPhase;
			buildActionMask = 2147483647;
			files = (
				203298981E5524A000E6B457 /* LaunchScreen.storyboard in Resources */,
				203298951E5524A000E6B457 /* Assets.xcassets in Resources */,
				203298931E5524A000E6B457 /* Main.storyboard in Resources */,
			);
			runOnlyForDeploymentPostprocessing = 0;
		};
/* End PBXResourcesBuildPhase section */

/* Begin PBXSourcesBuildPhase section */
		203298861E5524A000E6B457 /* Sources */ = {
			isa = PBXSourcesBuildPhase;
			buildActionMask = 2147483647;
			files = (
				203298901E5524A000E6B457 /* ViewController.swift in Sources */,
				2032988E1E5524A000E6B457 /* AppDelegate.swift in Sources */,
			);
			runOnlyForDeploymentPostprocessing = 0;
		};
/* End PBXSourcesBuildPhase section */

/* Begin PBXVariantGroup section */
		203298911E5524A000E6B457 /* Main.storyboard */ = {
			isa = PBXVariantGroup;
			children = (
				203298921E5524A000E6B457 /* Base */,
			);
			name = Main.storyboard;
			sourceTree = "<group>";
		};
		203298961E5524A000E6B457 /* LaunchScreen.storyboard */ = {
			isa = PBXVariantGroup;
			children = (
				203298971E5524A000E6B457 /* Base */,
			);
			name = LaunchScreen.storyboard;
			sourceTree = "<group>";
		};
/* End PBXVariantGroup section */

/* Begin XCBuildConfiguration section */
		2032989A1E5524A000E6B457 /* Debug */ = {
			isa = XCBuildConfiguration;
			buildSettings = {
				ALWAYS_SEARCH_USER_PATHS = NO;
				CLANG_ANALYZER_NONNULL = YES;
				CLANG_CXX_LANGUAGE_STANDARD = "gnu++0x";
				CLANG_CXX_LIBRARY = "libc++";
				CLANG_ENABLE_MODULES = YES;
				CLANG_ENABLE_OBJC_ARC = YES;
				CLANG_WARN_BOOL_CONVERSION = YES;
				CLANG_WARN_CONSTANT_CONVERSION = YES;
				CLANG_WARN_DIRECT_OBJC_ISA_USAGE = YES_ERROR;
				CLANG_WARN_DOCUMENTATION_COMMENTS = YES;
				CLANG_WARN_EMPTY_BODY = YES;
				CLANG_WARN_ENUM_CONVERSION = YES;
				CLANG_WARN_INFINITE_RECURSION = YES;
				CLANG_WARN_INT_CONVERSION = YES;
				CLANG_WARN_OBJC_ROOT_CLASS = YES_ERROR;
				CLANG_WARN_SUSPICIOUS_MOVE = YES;
				CLANG_WARN_UNREACHABLE_CODE = YES;
				CLANG_WARN__DUPLICATE_METHOD_MATCH = YES;
				"CODE_SIGN_IDENTITY[sdk=iphoneos*]" = "iPhone Developer";
				COPY_PHASE_STRIP = NO;
				DEBUG_INFORMATION_FORMAT = dwarf;
				ENABLE_STRICT_OBJC_MSGSEND = YES;
				ENABLE_TESTABILITY = YES;
				GCC_C_LANGUAGE_STANDARD = gnu99;
				GCC_DYNAMIC_NO_PIC = NO;
				GCC_NO_COMMON_BLOCKS = YES;
				GCC_OPTIMIZATION_LEVEL = 0;
				GCC_PREPROCESSOR_DEFINITIONS = (
					"DEBUG=1",
					"$(inherited)",
				);
				GCC_WARN_64_TO_32_BIT_CONVERSION = YES;
				GCC_WARN_ABOUT_RETURN_TYPE = YES_ERROR;
				GCC_WARN_UNDECLARED_SELECTOR = YES;
				GCC_WARN_UNINITIALIZED_AUTOS = YES_AGGRESSIVE;
				GCC_WARN_UNUSED_FUNCTION = YES;
				GCC_WARN_UNUSED_VARIABLE = YES;
				IPHONEOS_DEPLOYMENT_TARGET = 10.2;
				MTL_ENABLE_DEBUG_INFO = YES;
				ONLY_ACTIVE_ARCH = YES;
				SDKROOT = iphoneos;
				SWIFT_ACTIVE_COMPILATION_CONDITIONS = DEBUG;
				SWIFT_OPTIMIZATION_LEVEL = "-Onone";
			};
			name = Debug;
		};
		2032989B1E5524A000E6B457 /* Release */ = {
			isa = XCBuildConfiguration;
			buildSettings = {
				ALWAYS_SEARCH_USER_PATHS = NO;
				CLANG_ANALYZER_NONNULL = YES;
				CLANG_CXX_LANGUAGE_STANDARD = "gnu++0x";
				CLANG_CXX_LIBRARY = "libc++";
				CLANG_ENABLE_MODULES = YES;
				CLANG_ENABLE_OBJC_ARC = YES;
				CLANG_WARN_BOOL_CONVERSION = YES;
				CLANG_WARN_CONSTANT_CONVERSION = YES;
				CLANG_WARN_DIRECT_OBJC_ISA_USAGE = YES_ERROR;
				CLANG_WARN_DOCUMENTATION_COMMENTS = YES;
				CLANG_WARN_EMPTY_BODY = YES;
				CLANG_WARN_ENUM_CONVERSION = YES;
				CLANG_WARN_INFINITE_RECURSION = YES;
				CLANG_WARN_INT_CONVERSION = YES;
				CLANG_WARN_OBJC_ROOT_CLASS = YES_ERROR;
				CLANG_WARN_SUSPICIOUS_MOVE = YES;
				CLANG_WARN_UNREACHABLE_CODE = YES;
				CLANG_WARN__DUPLICATE_METHOD_MATCH = YES;
				"CODE_SIGN_IDENTITY[sdk=iphoneos*]" = "iPhone Developer";
				COPY_PHASE_STRIP = NO;
				DEBUG_INFORMATION_FORMAT = "dwarf-with-dsym";
				ENABLE_NS_ASSERTIONS = NO;
				ENABLE_STRICT_OBJC_MSGSEND = YES;
				GCC_C_LANGUAGE_STANDARD = gnu99;
				GCC_NO_COMMON_BLOCKS = YES;
				GCC_WARN_64_TO_32_BIT_CONVERSION = YES;
				GCC_WARN_ABOUT_RETURN_TYPE = YES_ERROR;
				GCC_WARN_UNDECLARED_SELECTOR = YES;
				GCC_WARN_UNINITIALIZED_AUTOS = YES_AGGRESSIVE;
				GCC_WARN_UNUSED_FUNCTION = YES;
				GCC_WARN_UNUSED_VARIABLE = YES;
				IPHONEOS_DEPLOYMENT_TARGET = 10.2;
				MTL_ENABLE_DEBUG_INFO = NO;
				SDKROOT = iphoneos;
				SWIFT_OPTIMIZATION_LEVEL = "-Owholemodule";
				VALIDATE_PRODUCT = YES;
			};
			name = Release;
		};
		2032989D1E5524A000E6B457 /* Debug */ = {
			isa = XCBuildConfiguration;
			buildSettings = {
				ASSETCATALOG_COMPILER_APPICON_NAME = AppIcon;
				INFOPLIST_FILE = "Save the Kittens/Info.plist";
				LD_RUNPATH_SEARCH_PATHS = "$(inherited) @executable_path/Frameworks";
				PRODUCT_BUNDLE_IDENTIFIER = "com.ibm.contextcomputing.Save-the-Kittens";
				PRODUCT_NAME = "$(TARGET_NAME)";
				SWIFT_VERSION = 3.0;
			};
			name = Debug;
		};
		2032989E1E5524A000E6B457 /* Release */ = {
			isa = XCBuildConfiguration;
			buildSettings = {
				ASSETCATALOG_COMPILER_APPICON_NAME = AppIcon;
				INFOPLIST_FILE = "Save the Kittens/Info.plist";
				LD_RUNPATH_SEARCH_PATHS = "$(inherited) @executable_path/Frameworks";
				PRODUCT_BUNDLE_IDENTIFIER = "com.ibm.contextcomputing.Save-the-Kittens";
				PRODUCT_NAME = "$(TARGET_NAME)";
				SWIFT_VERSION = 3.0;
			};
			name = Release;
		};
/* End XCBuildConfiguration section */

/* Begin XCConfigurationList section */
		203298851E5524A000E6B457 /* Build configuration list for PBXProject "Save the Kittens" */ = {
			isa = XCConfigurationList;
			buildConfigurations = (
				2032989A1E5524A000E6B457 /* Debug */,
				2032989B1E5524A000E6B457 /* Release */,
			);
			defaultConfigurationIsVisible = 0;
			defaultConfigurationName = Release;
		};
		2032989C1E5524A000E6B457 /* Build configuration list for PBXNativeTarget "Save the Kittens" */ = {
			isa = XCConfigurationList;
			buildConfigurations = (
				2032989D1E5524A000E6B457 /* Debug */,
				2032989E1E5524A000E6B457 /* Release */,
			);
			defaultConfigurationIsVisible = 0;
		};
/* End XCConfigurationList section */
	};
	rootObject = 203298821E5524A000E6B457 /* Project object */;
}
